
Microsoft Visual Studio Solution File, Format Version 12.00
# Visual Studio Version 16
VisualStudioVersion = 16.0.30428.66
MinimumVisualStudioVersion = 10.0.40219.1
Project("{9A19103F-16F7-4668-BE54-9A1E7A4F7556}") = "OlibKey", "src\OlibKey\OlibKey.csproj", "{57B94734-3845-422B-8D20-26B2A1928258}"
EndProject
Project("{9A19103F-16F7-4668-BE54-9A1E7A4F7556}") = "OlibKey.Controls.ColorPicker", "src\OlibKey.ColorPicker\OlibKey.Controls.ColorPicker.csproj", "{F9FF2829-E149-44A2-87DF-14DB381D10D1}"
EndProject
Global
	GlobalSection(SolutionConfigurationPlatforms) = preSolution
		Debug|Any CPU = Debug|Any CPU
		Debug|x64 = Debug|x64
		Release|Any CPU = Release|Any CPU
		Release|x64 = Release|x64
	EndGlobalSection
	GlobalSection(ProjectConfigurationPlatforms) = postSolution
		{57B94734-3845-422B-8D20-26B2A1928258}.Debug|Any CPU.ActiveCfg = Debug|Any CPU
		{57B94734-3845-422B-8D20-26B2A1928258}.Debug|Any CPU.Build.0 = Debug|Any CPU
		{57B94734-3845-422B-8D20-26B2A1928258}.Debug|x64.ActiveCfg = Debug|x64
		{57B94734-3845-422B-8D20-26B2A1928258}.Debug|x64.Build.0 = Debug|x64
		{57B94734-3845-422B-8D20-26B2A1928258}.Release|Any CPU.ActiveCfg = Release|Any CPU
		{57B94734-3845-422B-8D20-26B2A1928258}.Release|Any CPU.Build.0 = Release|Any CPU
		{57B94734-3845-422B-8D20-26B2A1928258}.Release|x64.ActiveCfg = Release|x64
		{57B94734-3845-422B-8D20-26B2A1928258}.Release|x64.Build.0 = Release|x64
		{F9FF2829-E149-44A2-87DF-14DB381D10D1}.Debug|Any CPU.ActiveCfg = Debug|Any CPU
		{F9FF2829-E149-44A2-87DF-14DB381D10D1}.Debug|Any CPU.Build.0 = Debug|Any CPU
		{F9FF2829-E149-44A2-87DF-14DB381D10D1}.Debug|x64.ActiveCfg = Debug|Any CPU
		{F9FF2829-E149-44A2-87DF-14DB381D10D1}.Debug|x64.Build.0 = Debug|Any CPU
		{F9FF2829-E149-44A2-87DF-14DB381D10D1}.Release|Any CPU.ActiveCfg = Release|Any CPU
		{F9FF2829-E149-44A2-87DF-14DB381D10D1}.Release|Any CPU.Build.0 = Release|Any CPU
		{F9FF2829-E149-44A2-87DF-14DB381D10D1}.Release|x64.ActiveCfg = Release|Any CPU
		{F9FF2829-E149-44A2-87DF-14DB381D10D1}.Release|x64.Build.0 = Release|Any CPU
	EndGlobalSection
	GlobalSection(SolutionProperties) = preSolution
		HideSolutionNode = FALSE
	EndGlobalSection
	GlobalSection(ExtensibilityGlobals) = postSolution
		SolutionGuid = {849D503E-EF7C-4CB9-9D4B-3586C9564365}
	EndGlobalSection
EndGlobal
