
Microsoft Visual Studio Solution File, Format Version 12.00
Project("{FAE04EC0-301F-11D3-BF4B-00C04F79EFBC}") = "OlibKey", "src\OlibKey\OlibKey.csproj", "{2B701A12-9D04-40D7-89FC-8CB2F9BA63F2}"
EndProject
Project("{FAE04EC0-301F-11D3-BF4B-00C04F79EFBC}") = "OlibKey.Assets", "src\OlibKey.Assets\OlibKey.Assets.csproj", "{364A655A-47ED-45F9-8F3C-878E1EA42986}"
EndProject
Project("{FAE04EC0-301F-11D3-BF4B-00C04F79EFBC}") = "OlibKey.Core.UnitTests", "tests\OlibKey.Core.UnitTests\OlibKey.Core.UnitTests.csproj", "{254B1AA1-28E5-459E-905C-83B919B548BC}"
EndProject
Project("{2150E333-8FDC-42A3-9474-1A3956D46DE8}") = "tests", "tests", "{587C077C-E7D2-4095-9997-D3C80B796AF9}"
EndProject
Project("{FAE04EC0-301F-11D3-BF4B-00C04F79EFBC}") = "OlibKey.Android", "src\OlibKey.Android\OlibKey.Android.csproj", "{D9AD1C07-56FA-4D5D-BC12-38D556CEC1DF}"
EndProject
Project("{FAE04EC0-301F-11D3-BF4B-00C04F79EFBC}") = "OlibKey.Core", "src\OlibKey.Core\OlibKey.Core.csproj", "{9888CAC7-905F-4C51-9BEB-799E2FAB2C31}"
EndProject
Project("{FAE04EC0-301F-11D3-BF4B-00C04F79EFBC}") = "OlibKey.SourceGenerator", "generators\OlibKey.SourceGenerator\OlibKey.SourceGenerator.csproj", "{C92A5CEB-63FC-47B4-960A-329CDF416CD0}"
EndProject
Project("{2150E333-8FDC-42A3-9474-1A3956D46DE8}") = "designer", "designer", "{4C69D6B4-D5FE-4D16-B352-3FFBA0C2B67F}"
EndProject
Project("{FAE04EC0-301F-11D3-BF4B-00C04F79EFBC}") = "OlibKey.Designer", "designer\OlibKey.Designer\OlibKey.Designer.csproj", "{CDF5195D-C2F4-493C-A956-9EE0EA1576AA}"
EndProject
Global
	GlobalSection(SolutionConfigurationPlatforms) = preSolution
		Debug|Any CPU = Debug|Any CPU
		Release|Any CPU = Release|Any CPU
	EndGlobalSection
	GlobalSection(ProjectConfigurationPlatforms) = postSolution
		{2B701A12-9D04-40D7-89FC-8CB2F9BA63F2}.Debug|Any CPU.ActiveCfg = Debug|Any CPU
		{2B701A12-9D04-40D7-89FC-8CB2F9BA63F2}.Debug|Any CPU.Build.0 = Debug|Any CPU
		{2B701A12-9D04-40D7-89FC-8CB2F9BA63F2}.Release|Any CPU.ActiveCfg = Release|Any CPU
		{2B701A12-9D04-40D7-89FC-8CB2F9BA63F2}.Release|Any CPU.Build.0 = Release|Any CPU
		{364A655A-47ED-45F9-8F3C-878E1EA42986}.Debug|Any CPU.ActiveCfg = Debug|Any CPU
		{364A655A-47ED-45F9-8F3C-878E1EA42986}.Debug|Any CPU.Build.0 = Debug|Any CPU
		{364A655A-47ED-45F9-8F3C-878E1EA42986}.Release|Any CPU.ActiveCfg = Release|Any CPU
		{364A655A-47ED-45F9-8F3C-878E1EA42986}.Release|Any CPU.Build.0 = Release|Any CPU
		{254B1AA1-28E5-459E-905C-83B919B548BC}.Debug|Any CPU.ActiveCfg = Debug|Any CPU
		{254B1AA1-28E5-459E-905C-83B919B548BC}.Debug|Any CPU.Build.0 = Debug|Any CPU
		{254B1AA1-28E5-459E-905C-83B919B548BC}.Release|Any CPU.ActiveCfg = Release|Any CPU
		{254B1AA1-28E5-459E-905C-83B919B548BC}.Release|Any CPU.Build.0 = Release|Any CPU
		{D9AD1C07-56FA-4D5D-BC12-38D556CEC1DF}.Debug|Any CPU.ActiveCfg = Debug|Any CPU
		{D9AD1C07-56FA-4D5D-BC12-38D556CEC1DF}.Debug|Any CPU.Build.0 = Debug|Any CPU
		{D9AD1C07-56FA-4D5D-BC12-38D556CEC1DF}.Release|Any CPU.ActiveCfg = Release|Any CPU
		{D9AD1C07-56FA-4D5D-BC12-38D556CEC1DF}.Release|Any CPU.Build.0 = Release|Any CPU
		{9888CAC7-905F-4C51-9BEB-799E2FAB2C31}.Debug|Any CPU.ActiveCfg = Debug|Any CPU
		{9888CAC7-905F-4C51-9BEB-799E2FAB2C31}.Debug|Any CPU.Build.0 = Debug|Any CPU
		{9888CAC7-905F-4C51-9BEB-799E2FAB2C31}.Release|Any CPU.ActiveCfg = Release|Any CPU
		{9888CAC7-905F-4C51-9BEB-799E2FAB2C31}.Release|Any CPU.Build.0 = Release|Any CPU
		{C92A5CEB-63FC-47B4-960A-329CDF416CD0}.Debug|Any CPU.ActiveCfg = Debug|Any CPU
		{C92A5CEB-63FC-47B4-960A-329CDF416CD0}.Debug|Any CPU.Build.0 = Debug|Any CPU
		{C92A5CEB-63FC-47B4-960A-329CDF416CD0}.Release|Any CPU.ActiveCfg = Release|Any CPU
		{C92A5CEB-63FC-47B4-960A-329CDF416CD0}.Release|Any CPU.Build.0 = Release|Any CPU
		{CDF5195D-C2F4-493C-A956-9EE0EA1576AA}.Debug|Any CPU.ActiveCfg = Debug|Any CPU
		{CDF5195D-C2F4-493C-A956-9EE0EA1576AA}.Debug|Any CPU.Build.0 = Debug|Any CPU
		{CDF5195D-C2F4-493C-A956-9EE0EA1576AA}.Release|Any CPU.ActiveCfg = Release|Any CPU
		{CDF5195D-C2F4-493C-A956-9EE0EA1576AA}.Release|Any CPU.Build.0 = Release|Any CPU
	EndGlobalSection
	GlobalSection(NestedProjects) = preSolution
		{254B1AA1-28E5-459E-905C-83B919B548BC} = {587C077C-E7D2-4095-9997-D3C80B796AF9}
		{CDF5195D-C2F4-493C-A956-9EE0EA1576AA} = {4C69D6B4-D5FE-4D16-B352-3FFBA0C2B67F}
	EndGlobalSection
EndGlobal
